
Microsoft Visual Studio Solution File, Format Version 12.00
# Visual Studio Version 16
VisualStudioVersion = 16.0.30611.23
MinimumVisualStudioVersion = 10.0.40219.1
Project("{FAE04EC0-301F-11D3-BF4B-00C04F79EFBC}") = "ServerConfigMtk-P2-20180140103", "ServerConfigMtk-P2-20180140103\ServerConfigMtk-P2-20180140103.csproj", "{CE9B201F-6C0F-4B5B-90C6-5ABD583506A6}"
EndProject
Global
	GlobalSection(SolutionConfigurationPlatforms) = preSolution
		Debug|Any CPU = Debug|Any CPU
		Release|Any CPU = Release|Any CPU
	EndGlobalSection
	GlobalSection(ProjectConfigurationPlatforms) = postSolution
		{CE9B201F-6C0F-4B5B-90C6-5ABD583506A6}.Debug|Any CPU.ActiveCfg = Debug|Any CPU
		{CE9B201F-6C0F-4B5B-90C6-5ABD583506A6}.Debug|Any CPU.Build.0 = Debug|Any CPU
		{CE9B201F-6C0F-4B5B-90C6-5ABD583506A6}.Release|Any CPU.ActiveCfg = Release|Any CPU
		{CE9B201F-6C0F-4B5B-90C6-5ABD583506A6}.Release|Any CPU.Build.0 = Release|Any CPU
	EndGlobalSection
	GlobalSection(SolutionProperties) = preSolution
		HideSolutionNode = FALSE
	EndGlobalSection
	GlobalSection(ExtensibilityGlobals) = postSolution
		SolutionGuid = {BA655A44-D274-4053-A402-F4EE3C0E580F}
	EndGlobalSection
EndGlobal
